
Microsoft Visual Studio Solution File, Format Version 12.00
# Visual Studio Version 17
VisualStudioVersion = 17.11.35208.52
MinimumVisualStudioVersion = 10.0.40219.1
Project("{FAE04EC0-301F-11D3-BF4B-00C04F79EFBC}") = "PizzaProject", "PizzaProject\PizzaProject.csproj", "{016C123F-8941-486D-ACEA-20A90C5AC62E}"
EndProject
Global
	GlobalSection(SolutionConfigurationPlatforms) = preSolution
		Debug|Any CPU = Debug|Any CPU
		Release|Any CPU = Release|Any CPU
	EndGlobalSection
	GlobalSection(ProjectConfigurationPlatforms) = postSolution
		{016C123F-8941-486D-ACEA-20A90C5AC62E}.Debug|Any CPU.ActiveCfg = Debug|Any CPU
		{016C123F-8941-486D-ACEA-20A90C5AC62E}.Debug|Any CPU.Build.0 = Debug|Any CPU
		{016C123F-8941-486D-ACEA-20A90C5AC62E}.Release|Any CPU.ActiveCfg = Release|Any CPU
		{016C123F-8941-486D-ACEA-20A90C5AC62E}.Release|Any CPU.Build.0 = Release|Any CPU
	EndGlobalSection
	GlobalSection(SolutionProperties) = preSolution
		HideSolutionNode = FALSE
	EndGlobalSection
	GlobalSection(ExtensibilityGlobals) = postSolution
		SolutionGuid = {E1B21D90-2529-4F0F-A6B9-597263E1A3DE}
	EndGlobalSection
EndGlobal
